// !$*UTF8*$!
{
	archiveVersion = 1;
	classes = {
	};
	objectVersion = 50;
	objects = {

/* Begin PBXBuildFile section */
		AE5742F122D3F4CD003DAE45 /* AppDelegate.swift in Sources */ = {isa = PBXBuildFile; fileRef = AE5742F022D3F4CD003DAE45 /* AppDelegate.swift */; };
		AE5742F322D3F4CD003DAE45 /* MasterViewController.swift in Sources */ = {isa = PBXBuildFile; fileRef = AE5742F222D3F4CD003DAE45 /* MasterViewController.swift */; };
		AE5742F522D3F4CD003DAE45 /* DetailViewController.swift in Sources */ = {isa = PBXBuildFile; fileRef = AE5742F422D3F4CD003DAE45 /* DetailViewController.swift */; };
		AE5742F822D3F4CD003DAE45 /* Main.storyboard in Resources */ = {isa = PBXBuildFile; fileRef = AE5742F622D3F4CD003DAE45 /* Main.storyboard */; };
		AE5742FA22D3F4CE003DAE45 /* Assets.xcassets in Resources */ = {isa = PBXBuildFile; fileRef = AE5742F922D3F4CE003DAE45 /* Assets.xcassets */; };
		AE5742FD22D3F4CE003DAE45 /* LaunchScreen.storyboard in Resources */ = {isa = PBXBuildFile; fileRef = AE5742FB22D3F4CE003DAE45 /* LaunchScreen.storyboard */; };
/* End PBXBuildFile section */

/* Begin PBXFileReference section */
		AE5742ED22D3F4CD003DAE45 /* Assignment Planner.app */ = {isa = PBXFileReference; explicitFileType = wrapper.application; includeInIndex = 0; path = "Assignment Planner.app"; sourceTree = BUILT_PRODUCTS_DIR; };
		AE5742F022D3F4CD003DAE45 /* AppDelegate.swift */ = {isa = PBXFileReference; lastKnownFileType = sourcecode.swift; path = AppDelegate.swift; sourceTree = "<group>"; };
		AE5742F222D3F4CD003DAE45 /* MasterViewController.swift */ = {isa = PBXFileReference; lastKnownFileType = sourcecode.swift; path = MasterViewController.swift; sourceTree = "<group>"; };
		AE5742F422D3F4CD003DAE45 /* DetailViewController.swift */ = {isa = PBXFileReference; lastKnownFileType = sourcecode.swift; path = DetailViewController.swift; sourceTree = "<group>"; };
		AE5742F722D3F4CD003DAE45 /* Base */ = {isa = PBXFileReference; lastKnownFileType = file.storyboard; name = Base; path = Base.lproj/Main.storyboard; sourceTree = "<group>"; };
		AE5742F922D3F4CE003DAE45 /* Assets.xcassets */ = {isa = PBXFileReference; lastKnownFileType = folder.assetcatalog; path = Assets.xcassets; sourceTree = "<group>"; };
		AE5742FC22D3F4CE003DAE45 /* Base */ = {isa = PBXFileReference; lastKnownFileType = file.storyboard; name = Base; path = Base.lproj/LaunchScreen.storyboard; sourceTree = "<group>"; };
		AE5742FE22D3F4CE003DAE45 /* Info.plist */ = {isa = PBXFileReference; lastKnownFileType = text.plist.xml; path = Info.plist; sourceTree = "<group>"; };
/* End PBXFileReference section */

/* Begin PBXFrameworksBuildPhase section */
		AE5742EA22D3F4CD003DAE45 /* Frameworks */ = {
			isa = PBXFrameworksBuildPhase;
			buildActionMask = 2147483647;
			files = (
			);
			runOnlyForDeploymentPostprocessing = 0;
		};
/* End PBXFrameworksBuildPhase section */

/* Begin PBXGroup section */
		AE5742E422D3F4CD003DAE45 = {
			isa = PBXGroup;
			children = (
				AE5742EF22D3F4CD003DAE45 /* Assignment Planner */,
				AE5742EE22D3F4CD003DAE45 /* Products */,
			);
			sourceTree = "<group>";
		};
		AE5742EE22D3F4CD003DAE45 /* Products */ = {
			isa = PBXGroup;
			children = (
				AE5742ED22D3F4CD003DAE45 /* Assignment Planner.app */,
			);
			name = Products;
			sourceTree = "<group>";
		};
		AE5742EF22D3F4CD003DAE45 /* Assignment Planner */ = {
			isa = PBXGroup;
			children = (
				AE5742F022D3F4CD003DAE45 /* AppDelegate.swift */,
				AE5742F222D3F4CD003DAE45 /* MasterViewController.swift */,
				AE5742F422D3F4CD003DAE45 /* DetailViewController.swift */,
				AE5742F622D3F4CD003DAE45 /* Main.storyboard */,
				AE5742F922D3F4CE003DAE45 /* Assets.xcassets */,
				AE5742FB22D3F4CE003DAE45 /* LaunchScreen.storyboard */,
				AE5742FE22D3F4CE003DAE45 /* Info.plist */,
			);
			path = "Assignment Planner";
			sourceTree = "<group>";
		};
/* End PBXGroup section */

/* Begin PBXNativeTarget section */
		AE5742EC22D3F4CD003DAE45 /* Assignment Planner */ = {
			isa = PBXNativeTarget;
			buildConfigurationList = AE57430122D3F4CE003DAE45 /* Build configuration list for PBXNativeTarget "Assignment Planner" */;
			buildPhases = (
				AE5742E922D3F4CD003DAE45 /* Sources */,
				AE5742EA22D3F4CD003DAE45 /* Frameworks */,
				AE5742EB22D3F4CD003DAE45 /* Resources */,
			);
			buildRules = (
			);
			dependencies = (
			);
			name = "Assignment Planner";
			productName = "Assignment Planner";
			productReference = AE5742ED22D3F4CD003DAE45 /* Assignment Planner.app */;
			productType = "com.apple.product-type.application";
		};
/* End PBXNativeTarget section */

/* Begin PBXProject section */
		AE5742E522D3F4CD003DAE45 /* Project object */ = {
			isa = PBXProject;
			attributes = {
				LastSwiftUpdateCheck = 1020;
				LastUpgradeCheck = 1020;
				ORGANIZATIONNAME = iOS;
				TargetAttributes = {
					AE5742EC22D3F4CD003DAE45 = {
						CreatedOnToolsVersion = 10.2.1;
					};
				};
			};
			buildConfigurationList = AE5742E822D3F4CD003DAE45 /* Build configuration list for PBXProject "Assignment Planner" */;
			compatibilityVersion = "Xcode 9.3";
			developmentRegion = en;
			hasScannedForEncodings = 0;
			knownRegions = (
				en,
				Base,
			);
			mainGroup = AE5742E422D3F4CD003DAE45;
			productRefGroup = AE5742EE22D3F4CD003DAE45 /* Products */;
			projectDirPath = "";
			projectRoot = "";
			targets = (
				AE5742EC22D3F4CD003DAE45 /* Assignment Planner */,
			);
		};
/* End PBXProject section */

/* Begin PBXResourcesBuildPhase section */
		AE5742EB22D3F4CD003DAE45 /* Resources */ = {
			isa = PBXResourcesBuildPhase;
			buildActionMask = 2147483647;
			files = (
				AE5742FD22D3F4CE003DAE45 /* LaunchScreen.storyboard in Resources */,
				AE5742FA22D3F4CE003DAE45 /* Assets.xcassets in Resources */,
				AE5742F822D3F4CD003DAE45 /* Main.storyboard in Resources */,
			);
			runOnlyForDeploymentPostprocessing = 0;
		};
/* End PBXResourcesBuildPhase section */

/* Begin PBXSourcesBuildPhase section */
		AE5742E922D3F4CD003DAE45 /* Sources */ = {
			isa = PBXSourcesBuildPhase;
			buildActionMask = 2147483647;
			files = (
				AE5742F522D3F4CD003DAE45 /* DetailViewController.swift in Sources */,
				AE5742F322D3F4CD003DAE45 /* MasterViewController.swift in Sources */,
				AE5742F122D3F4CD003DAE45 /* AppDelegate.swift in Sources */,
			);
			runOnlyForDeploymentPostprocessing = 0;
		};
/* End PBXSourcesBuildPhase section */

/* Begin PBXVariantGroup section */
		AE5742F622D3F4CD003DAE45 /* Main.storyboard */ = {
			isa = PBXVariantGroup;
			children = (
				AE5742F722D3F4CD003DAE45 /* Base */,
			);
			name = Main.storyboard;
			sourceTree = "<group>";
		};
		AE5742FB22D3F4CE003DAE45 /* LaunchScreen.storyboard */ = {
			isa = PBXVariantGroup;
			children = (
				AE5742FC22D3F4CE003DAE45 /* Base */,
			);
			name = LaunchScreen.storyboard;
			sourceTree = "<group>";
		};
/* End PBXVariantGroup section */

/* Begin XCBuildConfiguration section */
		AE5742FF22D3F4CE003DAE45 /* Debug */ = {
			isa = XCBuildConfiguration;
			buildSettings = {
				ALWAYS_SEARCH_USER_PATHS = NO;
				CLANG_ANALYZER_NONNULL = YES;
				CLANG_ANALYZER_NUMBER_OBJECT_CONVERSION = YES_AGGRESSIVE;
				CLANG_CXX_LANGUAGE_STANDARD = "gnu++14";
				CLANG_CXX_LIBRARY = "libc++";
				CLANG_ENABLE_MODULES = YES;
				CLANG_ENABLE_OBJC_ARC = YES;
				CLANG_ENABLE_OBJC_WEAK = YES;
				CLANG_WARN_BLOCK_CAPTURE_AUTORELEASING = YES;
				CLANG_WARN_BOOL_CONVERSION = YES;
				CLANG_WARN_COMMA = YES;
				CLANG_WARN_CONSTANT_CONVERSION = YES;
				CLANG_WARN_DEPRECATED_OBJC_IMPLEMENTATIONS = YES;
				CLANG_WARN_DIRECT_OBJC_ISA_USAGE = YES_ERROR;
				CLANG_WARN_DOCUMENTATION_COMMENTS = YES;
				CLANG_WARN_EMPTY_BODY = YES;
				CLANG_WARN_ENUM_CONVERSION = YES;
				CLANG_WARN_INFINITE_RECURSION = YES;
				CLANG_WARN_INT_CONVERSION = YES;
				CLANG_WARN_NON_LITERAL_NULL_CONVERSION = YES;
				CLANG_WARN_OBJC_IMPLICIT_RETAIN_SELF = YES;
				CLANG_WARN_OBJC_LITERAL_CONVERSION = YES;
				CLANG_WARN_OBJC_ROOT_CLASS = YES_ERROR;
				CLANG_WARN_RANGE_LOOP_ANALYSIS = YES;
				CLANG_WARN_STRICT_PROTOTYPES = YES;
				CLANG_WARN_SUSPICIOUS_MOVE = YES;
				CLANG_WARN_UNGUARDED_AVAILABILITY = YES_AGGRESSIVE;
				CLANG_WARN_UNREACHABLE_CODE = YES;
				CLANG_WARN__DUPLICATE_METHOD_MATCH = YES;
				CODE_SIGN_IDENTITY = "iPhone Developer";
				COPY_PHASE_STRIP = NO;
				DEBUG_INFORMATION_FORMAT = dwarf;
				ENABLE_STRICT_OBJC_MSGSEND = YES;
				ENABLE_TESTABILITY = YES;
				GCC_C_LANGUAGE_STANDARD = gnu11;
				GCC_DYNAMIC_NO_PIC = NO;
				GCC_NO_COMMON_BLOCKS = YES;
				GCC_OPTIMIZATION_LEVEL = 0;
				GCC_PREPROCESSOR_DEFINITIONS = (
					"DEBUG=1",
					"$(inherited)",
				);
				GCC_WARN_64_TO_32_BIT_CONVERSION = YES;
				GCC_WARN_ABOUT_RETURN_TYPE = YES_ERROR;
				GCC_WARN_UNDECLARED_SELECTOR = YES;
				GCC_WARN_UNINITIALIZED_AUTOS = YES_AGGRESSIVE;
				GCC_WARN_UNUSED_FUNCTION = YES;
				GCC_WARN_UNUSED_VARIABLE = YES;
				IPHONEOS_DEPLOYMENT_TARGET = 12.2;
				MTL_ENABLE_DEBUG_INFO = INCLUDE_SOURCE;
				MTL_FAST_MATH = YES;
				ONLY_ACTIVE_ARCH = YES;
				SDKROOT = iphoneos;
				SWIFT_ACTIVE_COMPILATION_CONDITIONS = DEBUG;
				SWIFT_OPTIMIZATION_LEVEL = "-Onone";
			};
			name = Debug;
		};
		AE57430022D3F4CE003DAE45 /* Release */ = {
			isa = XCBuildConfiguration;
			buildSettings = {
				ALWAYS_SEARCH_USER_PATHS = NO;
				CLANG_ANALYZER_NONNULL = YES;
				CLANG_ANALYZER_NUMBER_OBJECT_CONVERSION = YES_AGGRESSIVE;
				CLANG_CXX_LANGUAGE_STANDARD = "gnu++14";
				CLANG_CXX_LIBRARY = "libc++";
				CLANG_ENABLE_MODULES = YES;
				CLANG_ENABLE_OBJC_ARC = YES;
				CLANG_ENABLE_OBJC_WEAK = YES;
				CLANG_WARN_BLOCK_CAPTURE_AUTORELEASING = YES;
				CLANG_WARN_BOOL_CONVERSION = YES;
				CLANG_WARN_COMMA = YES;
				CLANG_WARN_CONSTANT_CONVERSION = YES;
				CLANG_WARN_DEPRECATED_OBJC_IMPLEMENTATIONS = YES;
				CLANG_WARN_DIRECT_OBJC_ISA_USAGE = YES_ERROR;
				CLANG_WARN_DOCUMENTATION_COMMENTS = YES;
				CLANG_WARN_EMPTY_BODY = YES;
				CLANG_WARN_ENUM_CONVERSION = YES;
				CLANG_WARN_INFINITE_RECURSION = YES;
				CLANG_WARN_INT_CONVERSION = YES;
				CLANG_WARN_NON_LITERAL_NULL_CONVERSION = YES;
				CLANG_WARN_OBJC_IMPLICIT_RETAIN_SELF = YES;
				CLANG_WARN_OBJC_LITERAL_CONVERSION = YES;
				CLANG_WARN_OBJC_ROOT_CLASS = YES_ERROR;
				CLANG_WARN_RANGE_LOOP_ANALYSIS = YES;
				CLANG_WARN_STRICT_PROTOTYPES = YES;
				CLANG_WARN_SUSPICIOUS_MOVE = YES;
				CLANG_WARN_UNGUARDED_AVAILABILITY = YES_AGGRESSIVE;
				CLANG_WARN_UNREACHABLE_CODE = YES;
				CLANG_WARN__DUPLICATE_METHOD_MATCH = YES;
				CODE_SIGN_IDENTITY = "iPhone Developer";
				COPY_PHASE_STRIP = NO;
				DEBUG_INFORMATION_FORMAT = "dwarf-with-dsym";
				ENABLE_NS_ASSERTIONS = NO;
				ENABLE_STRICT_OBJC_MSGSEND = YES;
				GCC_C_LANGUAGE_STANDARD = gnu11;
				GCC_NO_COMMON_BLOCKS = YES;
				GCC_WARN_64_TO_32_BIT_CONVERSION = YES;
				GCC_WARN_ABOUT_RETURN_TYPE = YES_ERROR;
				GCC_WARN_UNDECLARED_SELECTOR = YES;
				GCC_WARN_UNINITIALIZED_AUTOS = YES_AGGRESSIVE;
				GCC_WARN_UNUSED_FUNCTION = YES;
				GCC_WARN_UNUSED_VARIABLE = YES;
				IPHONEOS_DEPLOYMENT_TARGET = 12.2;
				MTL_ENABLE_DEBUG_INFO = NO;
				MTL_FAST_MATH = YES;
				SDKROOT = iphoneos;
				SWIFT_COMPILATION_MODE = wholemodule;
				SWIFT_OPTIMIZATION_LEVEL = "-O";
				VALIDATE_PRODUCT = YES;
			};
			name = Release;
		};
		AE57430222D3F4CE003DAE45 /* Debug */ = {
			isa = XCBuildConfiguration;
			buildSettings = {
				ASSETCATALOG_COMPILER_APPICON_NAME = AppIcon;
				CODE_SIGN_STYLE = Automatic;
				INFOPLIST_FILE = "Assignment Planner/Info.plist";
				LD_RUNPATH_SEARCH_PATHS = (
					"$(inherited)",
					"@executable_path/Frameworks",
				);
				PRODUCT_BUNDLE_IDENTIFIER = "LK.Assignment-Planner";
				PRODUCT_NAME = "$(TARGET_NAME)";
				SWIFT_VERSION = 5.0;
				TARGETED_DEVICE_FAMILY = "1,2";
			};
			name = Debug;
		};
		AE57430322D3F4CE003DAE45 /* Release */ = {
			isa = XCBuildConfiguration;
			buildSettings = {
				ASSETCATALOG_COMPILER_APPICON_NAME = AppIcon;
				CODE_SIGN_STYLE = Automatic;
				INFOPLIST_FILE = "Assignment Planner/Info.plist";
				LD_RUNPATH_SEARCH_PATHS = (
					"$(inherited)",
					"@executable_path/Frameworks",
				);
				PRODUCT_BUNDLE_IDENTIFIER = "LK.Assignment-Planner";
				PRODUCT_NAME = "$(TARGET_NAME)";
				SWIFT_VERSION = 5.0;
				TARGETED_DEVICE_FAMILY = "1,2";
			};
			name = Release;
		};
/* End XCBuildConfiguration section */

/* Begin XCConfigurationList section */
		AE5742E822D3F4CD003DAE45 /* Build configuration list for PBXProject "Assignment Planner" */ = {
			isa = XCConfigurationList;
			buildConfigurations = (
				AE5742FF22D3F4CE003DAE45 /* Debug */,
				AE57430022D3F4CE003DAE45 /* Release */,
			);
			defaultConfigurationIsVisible = 0;
			defaultConfigurationName = Release;
		};
		AE57430122D3F4CE003DAE45 /* Build configuration list for PBXNativeTarget "Assignment Planner" */ = {
			isa = XCConfigurationList;
			buildConfigurations = (
				AE57430222D3F4CE003DAE45 /* Debug */,
				AE57430322D3F4CE003DAE45 /* Release */,
			);
			defaultConfigurationIsVisible = 0;
			defaultConfigurationName = Release;
		};
/* End XCConfigurationList section */
	};
	rootObject = AE5742E522D3F4CD003DAE45 /* Project object */;
}
